// !$*UTF8*$!
{
	archiveVersion = 1;
	classes = {
	};
	objectVersion = 56;
	objects = {

/* Begin PBXBuildFile section */
		BAAD38D728D1039A00D85D4F /* ShopDemoApp.swift in Sources */ = {isa = PBXBuildFile; fileRef = BAAD38D628D1039A00D85D4F /* ShopDemoApp.swift */; };
		BAAD38D928D1039A00D85D4F /* ContentView.swift in Sources */ = {isa = PBXBuildFile; fileRef = BAAD38D828D1039A00D85D4F /* ContentView.swift */; };
		BAAD38DB28D1039D00D85D4F /* Assets.xcassets in Resources */ = {isa = PBXBuildFile; fileRef = BAAD38DA28D1039D00D85D4F /* Assets.xcassets */; };
		BAAD38DE28D1039D00D85D4F /* Preview Assets.xcassets in Resources */ = {isa = PBXBuildFile; fileRef = BAAD38DD28D1039D00D85D4F /* Preview Assets.xcassets */; };
		BAAD38E628D1071300D85D4F /* Product.swift in Sources */ = {isa = PBXBuildFile; fileRef = BAAD38E528D1071300D85D4F /* Product.swift */; };
		BAAD38E928D10A4200D85D4F /* ProductCard.swift in Sources */ = {isa = PBXBuildFile; fileRef = BAAD38E828D10A4200D85D4F /* ProductCard.swift */; };
		BAD7B05C28D1CDCD007AFE66 /* CartButton.swift in Sources */ = {isa = PBXBuildFile; fileRef = BAD7B05B28D1CDCD007AFE66 /* CartButton.swift */; };
		BAD7B05E28D1EA30007AFE66 /* CartView.swift in Sources */ = {isa = PBXBuildFile; fileRef = BAD7B05D28D1EA30007AFE66 /* CartView.swift */; };
		BAD7B06028D1EBB2007AFE66 /* CartManager.swift in Sources */ = {isa = PBXBuildFile; fileRef = BAD7B05F28D1EBB2007AFE66 /* CartManager.swift */; };
		BAD7B06428D1F1E7007AFE66 /* ProductRow.swift in Sources */ = {isa = PBXBuildFile; fileRef = BAD7B06328D1F1E7007AFE66 /* ProductRow.swift */; };
		BAD7B06728D1FF42007AFE66 /* Screen1.png in Resources */ = {isa = PBXBuildFile; fileRef = BAD7B06628D1FF42007AFE66 /* Screen1.png */; };
		BAD7B06928D1FF5E007AFE66 /* Screen2.png in Resources */ = {isa = PBXBuildFile; fileRef = BAD7B06828D1FF5E007AFE66 /* Screen2.png */; };
/* End PBXBuildFile section */

/* Begin PBXFileReference section */
		BAAD38D328D1039A00D85D4F /* ShopDemo.app */ = {isa = PBXFileReference; explicitFileType = wrapper.application; includeInIndex = 0; path = ShopDemo.app; sourceTree = BUILT_PRODUCTS_DIR; };
		BAAD38D628D1039A00D85D4F /* ShopDemoApp.swift */ = {isa = PBXFileReference; lastKnownFileType = sourcecode.swift; path = ShopDemoApp.swift; sourceTree = "<group>"; };
		BAAD38D828D1039A00D85D4F /* ContentView.swift */ = {isa = PBXFileReference; lastKnownFileType = sourcecode.swift; path = ContentView.swift; sourceTree = "<group>"; };
		BAAD38DA28D1039D00D85D4F /* Assets.xcassets */ = {isa = PBXFileReference; lastKnownFileType = folder.assetcatalog; path = Assets.xcassets; sourceTree = "<group>"; };
		BAAD38DD28D1039D00D85D4F /* Preview Assets.xcassets */ = {isa = PBXFileReference; lastKnownFileType = folder.assetcatalog; path = "Preview Assets.xcassets"; sourceTree = "<group>"; };
		BAAD38E528D1071300D85D4F /* Product.swift */ = {isa = PBXFileReference; lastKnownFileType = sourcecode.swift; path = Product.swift; sourceTree = "<group>"; };
		BAAD38E828D10A4200D85D4F /* ProductCard.swift */ = {isa = PBXFileReference; lastKnownFileType = sourcecode.swift; path = ProductCard.swift; sourceTree = "<group>"; };
		BAD7B05B28D1CDCD007AFE66 /* CartButton.swift */ = {isa = PBXFileReference; lastKnownFileType = sourcecode.swift; path = CartButton.swift; sourceTree = "<group>"; };
		BAD7B05D28D1EA30007AFE66 /* CartView.swift */ = {isa = PBXFileReference; lastKnownFileType = sourcecode.swift; path = CartView.swift; sourceTree = "<group>"; };
		BAD7B05F28D1EBB2007AFE66 /* CartManager.swift */ = {isa = PBXFileReference; lastKnownFileType = sourcecode.swift; path = CartManager.swift; sourceTree = "<group>"; };
		BAD7B06328D1F1E7007AFE66 /* ProductRow.swift */ = {isa = PBXFileReference; lastKnownFileType = sourcecode.swift; path = ProductRow.swift; sourceTree = "<group>"; };
		BAD7B06628D1FF42007AFE66 /* Screen1.png */ = {isa = PBXFileReference; lastKnownFileType = image.png; name = Screen1.png; path = ../../../../../../../../var/folders/20/9pm7v_md45z0tqvqftq6fd7h0000gn/T/TemporaryItems/NSIRD_screencaptureui_9Hx8eF/Screen1.png; sourceTree = "<group>"; };
		BAD7B06828D1FF5E007AFE66 /* Screen2.png */ = {isa = PBXFileReference; lastKnownFileType = image.png; name = Screen2.png; path = ../../../../../../../../var/folders/20/9pm7v_md45z0tqvqftq6fd7h0000gn/T/TemporaryItems/NSIRD_screencaptureui_80icvC/Screen2.png; sourceTree = "<group>"; };
		BAD7B06A28D1FFB8007AFE66 /* README.md */ = {isa = PBXFileReference; lastKnownFileType = net.daringfireball.markdown; path = README.md; sourceTree = "<group>"; };
/* End PBXFileReference section */

/* Begin PBXFrameworksBuildPhase section */
		BAAD38D028D1039A00D85D4F /* Frameworks */ = {
			isa = PBXFrameworksBuildPhase;
			buildActionMask = 2147483647;
			files = (
			);
			runOnlyForDeploymentPostprocessing = 0;
		};
/* End PBXFrameworksBuildPhase section */

/* Begin PBXGroup section */
		BAAD38CA28D1039A00D85D4F = {
			isa = PBXGroup;
			children = (
				BAD7B06A28D1FFB8007AFE66 /* README.md */,
				BAAD38D528D1039A00D85D4F /* ShopDemo */,
				BAAD38D428D1039A00D85D4F /* Products */,
			);
			sourceTree = "<group>";
		};
		BAAD38D428D1039A00D85D4F /* Products */ = {
			isa = PBXGroup;
			children = (
				BAAD38D328D1039A00D85D4F /* ShopDemo.app */,
			);
			name = Products;
			sourceTree = "<group>";
		};
		BAAD38D528D1039A00D85D4F /* ShopDemo */ = {
			isa = PBXGroup;
			children = (
				BAAD38D628D1039A00D85D4F /* ShopDemoApp.swift */,
				BAAD38EA28D1107700D85D4F /* Views */,
				BAAD38E728D109FE00D85D4F /* Components */,
				BAAD38E428D106DA00D85D4F /* Models */,
				BAAD38DA28D1039D00D85D4F /* Assets.xcassets */,
				BAAD38DC28D1039D00D85D4F /* Preview Content */,
				BAD7B05F28D1EBB2007AFE66 /* CartManager.swift */,
				BAD7B06528D1FF0F007AFE66 /* Screenshots */,
			);
			path = ShopDemo;
			sourceTree = "<group>";
		};
		BAAD38DC28D1039D00D85D4F /* Preview Content */ = {
			isa = PBXGroup;
			children = (
				BAAD38DD28D1039D00D85D4F /* Preview Assets.xcassets */,
			);
			path = "Preview Content";
			sourceTree = "<group>";
		};
		BAAD38E428D106DA00D85D4F /* Models */ = {
			isa = PBXGroup;
			children = (
				BAAD38E528D1071300D85D4F /* Product.swift */,
			);
			path = Models;
			sourceTree = "<group>";
		};
		BAAD38E728D109FE00D85D4F /* Components */ = {
			isa = PBXGroup;
			children = (
				BAAD38E828D10A4200D85D4F /* ProductCard.swift */,
				BAD7B05B28D1CDCD007AFE66 /* CartButton.swift */,
				BAD7B06328D1F1E7007AFE66 /* ProductRow.swift */,
			);
			path = Components;
			sourceTree = "<group>";
		};
		BAAD38EA28D1107700D85D4F /* Views */ = {
			isa = PBXGroup;
			children = (
				BAAD38D828D1039A00D85D4F /* ContentView.swift */,
				BAD7B05D28D1EA30007AFE66 /* CartView.swift */,
			);
			path = Views;
			sourceTree = "<group>";
		};
		BAD7B06528D1FF0F007AFE66 /* Screenshots */ = {
			isa = PBXGroup;
			children = (
				BAD7B06828D1FF5E007AFE66 /* Screen2.png */,
				BAD7B06628D1FF42007AFE66 /* Screen1.png */,
			);
			path = Screenshots;
			sourceTree = "<group>";
		};
/* End PBXGroup section */

/* Begin PBXNativeTarget section */
		BAAD38D228D1039A00D85D4F /* ShopDemo */ = {
			isa = PBXNativeTarget;
			buildConfigurationList = BAAD38E128D1039D00D85D4F /* Build configuration list for PBXNativeTarget "ShopDemo" */;
			buildPhases = (
				BAAD38CF28D1039A00D85D4F /* Sources */,
				BAAD38D028D1039A00D85D4F /* Frameworks */,
				BAAD38D128D1039A00D85D4F /* Resources */,
			);
			buildRules = (
			);
			dependencies = (
			);
			name = ShopDemo;
			productName = ShopDemo;
			productReference = BAAD38D328D1039A00D85D4F /* ShopDemo.app */;
			productType = "com.apple.product-type.application";
		};
/* End PBXNativeTarget section */

/* Begin PBXProject section */
		BAAD38CB28D1039A00D85D4F /* Project object */ = {
			isa = PBXProject;
			attributes = {
				BuildIndependentTargetsInParallel = 1;
				LastSwiftUpdateCheck = 1400;
				LastUpgradeCheck = 1400;
				TargetAttributes = {
					BAAD38D228D1039A00D85D4F = {
						CreatedOnToolsVersion = 14.0;
					};
				};
			};
			buildConfigurationList = BAAD38CE28D1039A00D85D4F /* Build configuration list for PBXProject "ShopDemo" */;
			compatibilityVersion = "Xcode 14.0";
			developmentRegion = en;
			hasScannedForEncodings = 0;
			knownRegions = (
				en,
				Base,
			);
			mainGroup = BAAD38CA28D1039A00D85D4F;
			productRefGroup = BAAD38D428D1039A00D85D4F /* Products */;
			projectDirPath = "";
			projectRoot = "";
			targets = (
				BAAD38D228D1039A00D85D4F /* ShopDemo */,
			);
		};
/* End PBXProject section */

/* Begin PBXResourcesBuildPhase section */
		BAAD38D128D1039A00D85D4F /* Resources */ = {
			isa = PBXResourcesBuildPhase;
			buildActionMask = 2147483647;
			files = (
				BAD7B06728D1FF42007AFE66 /* Screen1.png in Resources */,
				BAD7B06928D1FF5E007AFE66 /* Screen2.png in Resources */,
				BAAD38DE28D1039D00D85D4F /* Preview Assets.xcassets in Resources */,
				BAAD38DB28D1039D00D85D4F /* Assets.xcassets in Resources */,
			);
			runOnlyForDeploymentPostprocessing = 0;
		};
/* End PBXResourcesBuildPhase section */

/* Begin PBXSourcesBuildPhase section */
		BAAD38CF28D1039A00D85D4F /* Sources */ = {
			isa = PBXSourcesBuildPhase;
			buildActionMask = 2147483647;
			files = (
				BAD7B05E28D1EA30007AFE66 /* CartView.swift in Sources */,
				BAAD38D928D1039A00D85D4F /* ContentView.swift in Sources */,
				BAD7B06028D1EBB2007AFE66 /* CartManager.swift in Sources */,
				BAAD38D728D1039A00D85D4F /* ShopDemoApp.swift in Sources */,
				BAD7B06428D1F1E7007AFE66 /* ProductRow.swift in Sources */,
				BAAD38E628D1071300D85D4F /* Product.swift in Sources */,
				BAAD38E928D10A4200D85D4F /* ProductCard.swift in Sources */,
				BAD7B05C28D1CDCD007AFE66 /* CartButton.swift in Sources */,
			);
			runOnlyForDeploymentPostprocessing = 0;
		};
/* End PBXSourcesBuildPhase section */

/* Begin XCBuildConfiguration section */
		BAAD38DF28D1039D00D85D4F /* Debug */ = {
			isa = XCBuildConfiguration;
			buildSettings = {
				ALWAYS_SEARCH_USER_PATHS = NO;
				CLANG_ANALYZER_NONNULL = YES;
				CLANG_ANALYZER_NUMBER_OBJECT_CONVERSION = YES_AGGRESSIVE;
				CLANG_CXX_LANGUAGE_STANDARD = "gnu++20";
				CLANG_ENABLE_MODULES = YES;
				CLANG_ENABLE_OBJC_ARC = YES;
				CLANG_ENABLE_OBJC_WEAK = YES;
				CLANG_WARN_BLOCK_CAPTURE_AUTORELEASING = YES;
				CLANG_WARN_BOOL_CONVERSION = YES;
				CLANG_WARN_COMMA = YES;
				CLANG_WARN_CONSTANT_CONVERSION = YES;
				CLANG_WARN_DEPRECATED_OBJC_IMPLEMENTATIONS = YES;
				CLANG_WARN_DIRECT_OBJC_ISA_USAGE = YES_ERROR;
				CLANG_WARN_DOCUMENTATION_COMMENTS = YES;
				CLANG_WARN_EMPTY_BODY = YES;
				CLANG_WARN_ENUM_CONVERSION = YES;
				CLANG_WARN_INFINITE_RECURSION = YES;
				CLANG_WARN_INT_CONVERSION = YES;
				CLANG_WARN_NON_LITERAL_NULL_CONVERSION = YES;
				CLANG_WARN_OBJC_IMPLICIT_RETAIN_SELF = YES;
				CLANG_WARN_OBJC_LITERAL_CONVERSION = YES;
				CLANG_WARN_OBJC_ROOT_CLASS = YES_ERROR;
				CLANG_WARN_QUOTED_INCLUDE_IN_FRAMEWORK_HEADER = YES;
				CLANG_WARN_RANGE_LOOP_ANALYSIS = YES;
				CLANG_WARN_STRICT_PROTOTYPES = YES;
				CLANG_WARN_SUSPICIOUS_MOVE = YES;
				CLANG_WARN_UNGUARDED_AVAILABILITY = YES_AGGRESSIVE;
				CLANG_WARN_UNREACHABLE_CODE = YES;
				CLANG_WARN__DUPLICATE_METHOD_MATCH = YES;
				COPY_PHASE_STRIP = NO;
				DEBUG_INFORMATION_FORMAT = dwarf;
				ENABLE_STRICT_OBJC_MSGSEND = YES;
				ENABLE_TESTABILITY = YES;
				GCC_C_LANGUAGE_STANDARD = gnu11;
				GCC_DYNAMIC_NO_PIC = NO;
				GCC_NO_COMMON_BLOCKS = YES;
				GCC_OPTIMIZATION_LEVEL = 0;
				GCC_PREPROCESSOR_DEFINITIONS = (
					"DEBUG=1",
					"$(inherited)",
				);
				GCC_WARN_64_TO_32_BIT_CONVERSION = YES;
				GCC_WARN_ABOUT_RETURN_TYPE = YES_ERROR;
				GCC_WARN_UNDECLARED_SELECTOR = YES;
				GCC_WARN_UNINITIALIZED_AUTOS = YES_AGGRESSIVE;
				GCC_WARN_UNUSED_FUNCTION = YES;
				GCC_WARN_UNUSED_VARIABLE = YES;
				IPHONEOS_DEPLOYMENT_TARGET = 16.0;
				MTL_ENABLE_DEBUG_INFO = INCLUDE_SOURCE;
				MTL_FAST_MATH = YES;
				ONLY_ACTIVE_ARCH = YES;
				SDKROOT = iphoneos;
				SWIFT_ACTIVE_COMPILATION_CONDITIONS = DEBUG;
				SWIFT_OPTIMIZATION_LEVEL = "-Onone";
			};
			name = Debug;
		};
		BAAD38E028D1039D00D85D4F /* Release */ = {
			isa = XCBuildConfiguration;
			buildSettings = {
				ALWAYS_SEARCH_USER_PATHS = NO;
				CLANG_ANALYZER_NONNULL = YES;
				CLANG_ANALYZER_NUMBER_OBJECT_CONVERSION = YES_AGGRESSIVE;
				CLANG_CXX_LANGUAGE_STANDARD = "gnu++20";
				CLANG_ENABLE_MODULES = YES;
				CLANG_ENABLE_OBJC_ARC = YES;
				CLANG_ENABLE_OBJC_WEAK = YES;
				CLANG_WARN_BLOCK_CAPTURE_AUTORELEASING = YES;
				CLANG_WARN_BOOL_CONVERSION = YES;
				CLANG_WARN_COMMA = YES;
				CLANG_WARN_CONSTANT_CONVERSION = YES;
				CLANG_WARN_DEPRECATED_OBJC_IMPLEMENTATIONS = YES;
				CLANG_WARN_DIRECT_OBJC_ISA_USAGE = YES_ERROR;
				CLANG_WARN_DOCUMENTATION_COMMENTS = YES;
				CLANG_WARN_EMPTY_BODY = YES;
				CLANG_WARN_ENUM_CONVERSION = YES;
				CLANG_WARN_INFINITE_RECURSION = YES;
				CLANG_WARN_INT_CONVERSION = YES;
				CLANG_WARN_NON_LITERAL_NULL_CONVERSION = YES;
				CLANG_WARN_OBJC_IMPLICIT_RETAIN_SELF = YES;
				CLANG_WARN_OBJC_LITERAL_CONVERSION = YES;
				CLANG_WARN_OBJC_ROOT_CLASS = YES_ERROR;
				CLANG_WARN_QUOTED_INCLUDE_IN_FRAMEWORK_HEADER = YES;
				CLANG_WARN_RANGE_LOOP_ANALYSIS = YES;
				CLANG_WARN_STRICT_PROTOTYPES = YES;
				CLANG_WARN_SUSPICIOUS_MOVE = YES;
				CLANG_WARN_UNGUARDED_AVAILABILITY = YES_AGGRESSIVE;
				CLANG_WARN_UNREACHABLE_CODE = YES;
				CLANG_WARN__DUPLICATE_METHOD_MATCH = YES;
				COPY_PHASE_STRIP = NO;
				DEBUG_INFORMATION_FORMAT = "dwarf-with-dsym";
				ENABLE_NS_ASSERTIONS = NO;
				ENABLE_STRICT_OBJC_MSGSEND = YES;
				GCC_C_LANGUAGE_STANDARD = gnu11;
				GCC_NO_COMMON_BLOCKS = YES;
				GCC_WARN_64_TO_32_BIT_CONVERSION = YES;
				GCC_WARN_ABOUT_RETURN_TYPE = YES_ERROR;
				GCC_WARN_UNDECLARED_SELECTOR = YES;
				GCC_WARN_UNINITIALIZED_AUTOS = YES_AGGRESSIVE;
				GCC_WARN_UNUSED_FUNCTION = YES;
				GCC_WARN_UNUSED_VARIABLE = YES;
				IPHONEOS_DEPLOYMENT_TARGET = 16.0;
				MTL_ENABLE_DEBUG_INFO = NO;
				MTL_FAST_MATH = YES;
				SDKROOT = iphoneos;
				SWIFT_COMPILATION_MODE = wholemodule;
				SWIFT_OPTIMIZATION_LEVEL = "-O";
				VALIDATE_PRODUCT = YES;
			};
			name = Release;
		};
		BAAD38E228D1039D00D85D4F /* Debug */ = {
			isa = XCBuildConfiguration;
			buildSettings = {
				ASSETCATALOG_COMPILER_APPICON_NAME = AppIcon;
				ASSETCATALOG_COMPILER_GLOBAL_ACCENT_COLOR_NAME = AccentColor;
				CODE_SIGN_STYLE = Automatic;
				CURRENT_PROJECT_VERSION = 1;
				DEVELOPMENT_ASSET_PATHS = "\"ShopDemo/Preview Content\"";
				DEVELOPMENT_TEAM = HW4286RGRL;
				ENABLE_PREVIEWS = YES;
				GENERATE_INFOPLIST_FILE = YES;
				INFOPLIST_KEY_UIApplicationSceneManifest_Generation = YES;
				INFOPLIST_KEY_UIApplicationSupportsIndirectInputEvents = YES;
				INFOPLIST_KEY_UILaunchScreen_Generation = YES;
				INFOPLIST_KEY_UISupportedInterfaceOrientations_iPad = "UIInterfaceOrientationPortrait UIInterfaceOrientationPortraitUpsideDown UIInterfaceOrientationLandscapeLeft UIInterfaceOrientationLandscapeRight";
				INFOPLIST_KEY_UISupportedInterfaceOrientations_iPhone = "UIInterfaceOrientationPortrait UIInterfaceOrientationLandscapeLeft UIInterfaceOrientationLandscapeRight";
				LD_RUNPATH_SEARCH_PATHS = (
					"$(inherited)",
					"@executable_path/Frameworks",
				);
				MARKETING_VERSION = 1.0;
				PRODUCT_BUNDLE_IDENTIFIER = com.eitans.ShopDemo;
				PRODUCT_NAME = "$(TARGET_NAME)";
				SWIFT_EMIT_LOC_STRINGS = YES;
				SWIFT_VERSION = 5.0;
				TARGETED_DEVICE_FAMILY = "1,2";
			};
			name = Debug;
		};
		BAAD38E328D1039D00D85D4F /* Release */ = {
			isa = XCBuildConfiguration;
			buildSettings = {
				ASSETCATALOG_COMPILER_APPICON_NAME = AppIcon;
				ASSETCATALOG_COMPILER_GLOBAL_ACCENT_COLOR_NAME = AccentColor;
				CODE_SIGN_STYLE = Automatic;
				CURRENT_PROJECT_VERSION = 1;
				DEVELOPMENT_ASSET_PATHS = "\"ShopDemo/Preview Content\"";
				DEVELOPMENT_TEAM = HW4286RGRL;
				ENABLE_PREVIEWS = YES;
				GENERATE_INFOPLIST_FILE = YES;
				INFOPLIST_KEY_UIApplicationSceneManifest_Generation = YES;
				INFOPLIST_KEY_UIApplicationSupportsIndirectInputEvents = YES;
				INFOPLIST_KEY_UILaunchScreen_Generation = YES;
				INFOPLIST_KEY_UISupportedInterfaceOrientations_iPad = "UIInterfaceOrientationPortrait UIInterfaceOrientationPortraitUpsideDown UIInterfaceOrientationLandscapeLeft UIInterfaceOrientationLandscapeRight";
				INFOPLIST_KEY_UISupportedInterfaceOrientations_iPhone = "UIInterfaceOrientationPortrait UIInterfaceOrientationLandscapeLeft UIInterfaceOrientationLandscapeRight";
				LD_RUNPATH_SEARCH_PATHS = (
					"$(inherited)",
					"@executable_path/Frameworks",
				);
				MARKETING_VERSION = 1.0;
				PRODUCT_BUNDLE_IDENTIFIER = com.eitans.ShopDemo;
				PRODUCT_NAME = "$(TARGET_NAME)";
				SWIFT_EMIT_LOC_STRINGS = YES;
				SWIFT_VERSION = 5.0;
				TARGETED_DEVICE_FAMILY = "1,2";
			};
			name = Release;
		};
/* End XCBuildConfiguration section */

/* Begin XCConfigurationList section */
		BAAD38CE28D1039A00D85D4F /* Build configuration list for PBXProject "ShopDemo" */ = {
			isa = XCConfigurationList;
			buildConfigurations = (
				BAAD38DF28D1039D00D85D4F /* Debug */,
				BAAD38E028D1039D00D85D4F /* Release */,
			);
			defaultConfigurationIsVisible = 0;
			defaultConfigurationName = Release;
		};
		BAAD38E128D1039D00D85D4F /* Build configuration list for PBXNativeTarget "ShopDemo" */ = {
			isa = XCConfigurationList;
			buildConfigurations = (
				BAAD38E228D1039D00D85D4F /* Debug */,
				BAAD38E328D1039D00D85D4F /* Release */,
			);
			defaultConfigurationIsVisible = 0;
			defaultConfigurationName = Release;
		};
/* End XCConfigurationList section */
	};
	rootObject = BAAD38CB28D1039A00D85D4F /* Project object */;
}
